// !$*UTF8*$!
{
	archiveVersion = 1;
	classes = {
	};
	objectVersion = 46;
	objects = {

/* Begin PBXBuildFile section */
		402B9EB3B673F2FD72A887E1 /* libPods.a in Frameworks */ = {isa = PBXBuildFile; fileRef = 84FA91C53060B648CCA1DCAB /* libPods.a */; };
		940B3F7E1BB168A6007D5EB5 /* main.m in Sources */ = {isa = PBXBuildFile; fileRef = 940B3F7D1BB168A6007D5EB5 /* main.m */; };
		940B3F811BB168A6007D5EB5 /* AppDelegate.m in Sources */ = {isa = PBXBuildFile; fileRef = 940B3F801BB168A6007D5EB5 /* AppDelegate.m */; };
		940B3F841BB168A6007D5EB5 /* ViewController.m in Sources */ = {isa = PBXBuildFile; fileRef = 940B3F831BB168A6007D5EB5 /* ViewController.m */; };
		940B3F871BB168A6007D5EB5 /* Main.storyboard in Resources */ = {isa = PBXBuildFile; fileRef = 940B3F851BB168A6007D5EB5 /* Main.storyboard */; };
		940B3F891BB168A6007D5EB5 /* Assets.xcassets in Resources */ = {isa = PBXBuildFile; fileRef = 940B3F881BB168A6007D5EB5 /* Assets.xcassets */; };
		940B3F8C1BB168A6007D5EB5 /* LaunchScreen.storyboard in Resources */ = {isa = PBXBuildFile; fileRef = 940B3F8A1BB168A6007D5EB5 /* LaunchScreen.storyboard */; };
/* End PBXBuildFile section */

/* Begin PBXFileReference section */
		22A4AF69F76B2565F70968B0 /* Pods.debug.xcconfig */ = {isa = PBXFileReference; includeInIndex = 1; lastKnownFileType = text.xcconfig; name = Pods.debug.xcconfig; path = "Pods/Target Support Files/Pods/Pods.debug.xcconfig"; sourceTree = "<group>"; };
		84FA91C53060B648CCA1DCAB /* libPods.a */ = {isa = PBXFileReference; explicitFileType = archive.ar; includeInIndex = 0; path = libPods.a; sourceTree = BUILT_PRODUCTS_DIR; };
		940B3F791BB168A6007D5EB5 /* Ekito-Poker.app */ = {isa = PBXFileReference; explicitFileType = wrapper.application; includeInIndex = 0; path = "Ekito-Poker.app"; sourceTree = BUILT_PRODUCTS_DIR; };
		940B3F7D1BB168A6007D5EB5 /* main.m */ = {isa = PBXFileReference; lastKnownFileType = sourcecode.c.objc; path = main.m; sourceTree = "<group>"; };
		940B3F7F1BB168A6007D5EB5 /* AppDelegate.h */ = {isa = PBXFileReference; lastKnownFileType = sourcecode.c.h; path = AppDelegate.h; sourceTree = "<group>"; };
		940B3F801BB168A6007D5EB5 /* AppDelegate.m */ = {isa = PBXFileReference; lastKnownFileType = sourcecode.c.objc; path = AppDelegate.m; sourceTree = "<group>"; };
		940B3F821BB168A6007D5EB5 /* ViewController.h */ = {isa = PBXFileReference; lastKnownFileType = sourcecode.c.h; path = ViewController.h; sourceTree = "<group>"; };
		940B3F831BB168A6007D5EB5 /* ViewController.m */ = {isa = PBXFileReference; lastKnownFileType = sourcecode.c.objc; path = ViewController.m; sourceTree = "<group>"; };
		940B3F861BB168A6007D5EB5 /* Base */ = {isa = PBXFileReference; lastKnownFileType = file.storyboard; name = Base; path = Base.lproj/Main.storyboard; sourceTree = "<group>"; };
		940B3F881BB168A6007D5EB5 /* Assets.xcassets */ = {isa = PBXFileReference; lastKnownFileType = folder.assetcatalog; path = Assets.xcassets; sourceTree = "<group>"; };
		940B3F8B1BB168A6007D5EB5 /* Base */ = {isa = PBXFileReference; lastKnownFileType = file.storyboard; name = Base; path = Base.lproj/LaunchScreen.storyboard; sourceTree = "<group>"; };
		940B3F8D1BB168A6007D5EB5 /* Info.plist */ = {isa = PBXFileReference; lastKnownFileType = text.plist.xml; path = Info.plist; sourceTree = "<group>"; };
		C1E5800E975901E23F42C48B /* Pods.release.xcconfig */ = {isa = PBXFileReference; includeInIndex = 1; lastKnownFileType = text.xcconfig; name = Pods.release.xcconfig; path = "Pods/Target Support Files/Pods/Pods.release.xcconfig"; sourceTree = "<group>"; };
/* End PBXFileReference section */

/* Begin PBXFrameworksBuildPhase section */
		940B3F761BB168A6007D5EB5 /* Frameworks */ = {
			isa = PBXFrameworksBuildPhase;
			buildActionMask = 2147483647;
			files = (
				402B9EB3B673F2FD72A887E1 /* libPods.a in Frameworks */,
			);
			runOnlyForDeploymentPostprocessing = 0;
		};
/* End PBXFrameworksBuildPhase section */

/* Begin PBXGroup section */
		04D1BAF234EE50A0B0DF0078 /* Frameworks */ = {
			isa = PBXGroup;
			children = (
				84FA91C53060B648CCA1DCAB /* libPods.a */,
			);
			name = Frameworks;
			sourceTree = "<group>";
		};
		940B3F701BB168A6007D5EB5 = {
			isa = PBXGroup;
			children = (
				940B3F7B1BB168A6007D5EB5 /* Ekito-Poker */,
				940B3F7A1BB168A6007D5EB5 /* Products */,
				F4605BB465A38246202CD676 /* Pods */,
				04D1BAF234EE50A0B0DF0078 /* Frameworks */,
			);
			sourceTree = "<group>";
		};
		940B3F7A1BB168A6007D5EB5 /* Products */ = {
			isa = PBXGroup;
			children = (
				940B3F791BB168A6007D5EB5 /* Ekito-Poker.app */,
			);
			name = Products;
			sourceTree = "<group>";
		};
		940B3F7B1BB168A6007D5EB5 /* Ekito-Poker */ = {
			isa = PBXGroup;
			children = (
				940B3F7F1BB168A6007D5EB5 /* AppDelegate.h */,
				940B3F801BB168A6007D5EB5 /* AppDelegate.m */,
				940B3F821BB168A6007D5EB5 /* ViewController.h */,
				940B3F831BB168A6007D5EB5 /* ViewController.m */,
				940B3F851BB168A6007D5EB5 /* Main.storyboard */,
				940B3F881BB168A6007D5EB5 /* Assets.xcassets */,
				940B3F8A1BB168A6007D5EB5 /* LaunchScreen.storyboard */,
				940B3F8D1BB168A6007D5EB5 /* Info.plist */,
				940B3F7C1BB168A6007D5EB5 /* Supporting Files */,
			);
			path = "Ekito-Poker";
			sourceTree = "<group>";
		};
		940B3F7C1BB168A6007D5EB5 /* Supporting Files */ = {
			isa = PBXGroup;
			children = (
				940B3F7D1BB168A6007D5EB5 /* main.m */,
			);
			name = "Supporting Files";
			sourceTree = "<group>";
		};
		F4605BB465A38246202CD676 /* Pods */ = {
			isa = PBXGroup;
			children = (
				22A4AF69F76B2565F70968B0 /* Pods.debug.xcconfig */,
				C1E5800E975901E23F42C48B /* Pods.release.xcconfig */,
			);
			name = Pods;
			sourceTree = "<group>";
		};
/* End PBXGroup section */

/* Begin PBXNativeTarget section */
		940B3F781BB168A6007D5EB5 /* Ekito-Poker */ = {
			isa = PBXNativeTarget;
			buildConfigurationList = 940B3F901BB168A6007D5EB5 /* Build configuration list for PBXNativeTarget "Ekito-Poker" */;
			buildPhases = (
				C6E2BDC3291778BC167A7B9B /* Check Pods Manifest.lock */,
				940B3F751BB168A6007D5EB5 /* Sources */,
				940B3F761BB168A6007D5EB5 /* Frameworks */,
				940B3F771BB168A6007D5EB5 /* Resources */,
				37066366E988FFEEA3BF6FEB /* Copy Pods Resources */,
			);
			buildRules = (
			);
			dependencies = (
			);
			name = "Ekito-Poker";
			productName = "Ekito-Poker";
			productReference = 940B3F791BB168A6007D5EB5 /* Ekito-Poker.app */;
			productType = "com.apple.product-type.application";
		};
/* End PBXNativeTarget section */

/* Begin PBXProject section */
		940B3F711BB168A6007D5EB5 /* Project object */ = {
			isa = PBXProject;
			attributes = {
				LastUpgradeCheck = 0700;
				ORGANIZATIONNAME = "Francois-Julien Alcaraz";
				TargetAttributes = {
					940B3F781BB168A6007D5EB5 = {
						CreatedOnToolsVersion = 7.0;
					};
				};
			};
			buildConfigurationList = 940B3F741BB168A6007D5EB5 /* Build configuration list for PBXProject "Ekito-Poker" */;
			compatibilityVersion = "Xcode 3.2";
			developmentRegion = English;
			hasScannedForEncodings = 0;
			knownRegions = (
				en,
				Base,
			);
			mainGroup = 940B3F701BB168A6007D5EB5;
			productRefGroup = 940B3F7A1BB168A6007D5EB5 /* Products */;
			projectDirPath = "";
			projectRoot = "";
			targets = (
				940B3F781BB168A6007D5EB5 /* Ekito-Poker */,
			);
		};
/* End PBXProject section */

/* Begin PBXResourcesBuildPhase section */
		940B3F771BB168A6007D5EB5 /* Resources */ = {
			isa = PBXResourcesBuildPhase;
			buildActionMask = 2147483647;
			files = (
				940B3F8C1BB168A6007D5EB5 /* LaunchScreen.storyboard in Resources */,
				940B3F891BB168A6007D5EB5 /* Assets.xcassets in Resources */,
				940B3F871BB168A6007D5EB5 /* Main.storyboard in Resources */,
			);
			runOnlyForDeploymentPostprocessing = 0;
		};
/* End PBXResourcesBuildPhase section */

/* Begin PBXShellScriptBuildPhase section */
		37066366E988FFEEA3BF6FEB /* Copy Pods Resources */ = {
			isa = PBXShellScriptBuildPhase;
			buildActionMask = 2147483647;
			files = (
			);
			inputPaths = (
			);
			name = "Copy Pods Resources";
			outputPaths = (
			);
			runOnlyForDeploymentPostprocessing = 0;
			shellPath = /bin/sh;
			shellScript = "\"${SRCROOT}/Pods/Target Support Files/Pods/Pods-resources.sh\"\n";
			showEnvVarsInLog = 0;
		};
		C6E2BDC3291778BC167A7B9B /* Check Pods Manifest.lock */ = {
			isa = PBXShellScriptBuildPhase;
			buildActionMask = 2147483647;
			files = (
			);
			inputPaths = (
			);
			name = "Check Pods Manifest.lock";
			outputPaths = (
			);
			runOnlyForDeploymentPostprocessing = 0;
			shellPath = /bin/sh;
			shellScript = "diff \"${PODS_ROOT}/../Podfile.lock\" \"${PODS_ROOT}/Manifest.lock\" > /dev/null\nif [[ $? != 0 ]] ; then\n    cat << EOM\nerror: The sandbox is not in sync with the Podfile.lock. Run 'pod install' or update your CocoaPods installation.\nEOM\n    exit 1\nfi\n";
			showEnvVarsInLog = 0;
		};
/* End PBXShellScriptBuildPhase section */

/* Begin PBXSourcesBuildPhase section */
		940B3F751BB168A6007D5EB5 /* Sources */ = {
			isa = PBXSourcesBuildPhase;
			buildActionMask = 2147483647;
			files = (
				940B3F841BB168A6007D5EB5 /* ViewController.m in Sources */,
				940B3F811BB168A6007D5EB5 /* AppDelegate.m in Sources */,
				940B3F7E1BB168A6007D5EB5 /* main.m in Sources */,
			);
			runOnlyForDeploymentPostprocessing = 0;
		};
/* End PBXSourcesBuildPhase section */

/* Begin PBXVariantGroup section */
		940B3F851BB168A6007D5EB5 /* Main.storyboard */ = {
			isa = PBXVariantGroup;
			children = (
				940B3F861BB168A6007D5EB5 /* Base */,
			);
			name = Main.storyboard;
			sourceTree = "<group>";
		};
		940B3F8A1BB168A6007D5EB5 /* LaunchScreen.storyboard */ = {
			isa = PBXVariantGroup;
			children = (
				940B3F8B1BB168A6007D5EB5 /* Base */,
			);
			name = LaunchScreen.storyboard;
			sourceTree = "<group>";
		};
/* End PBXVariantGroup section */

/* Begin XCBuildConfiguration section */
		940B3F8E1BB168A6007D5EB5 /* Debug */ = {
			isa = XCBuildConfiguration;
			buildSettings = {
				ALWAYS_SEARCH_USER_PATHS = NO;
				CLANG_CXX_LANGUAGE_STANDARD = "gnu++0x";
				CLANG_CXX_LIBRARY = "libc++";
				CLANG_ENABLE_MODULES = YES;
				CLANG_ENABLE_OBJC_ARC = YES;
				CLANG_WARN_BOOL_CONVERSION = YES;
				CLANG_WARN_CONSTANT_CONVERSION = YES;
				CLANG_WARN_DIRECT_OBJC_ISA_USAGE = YES_ERROR;
				CLANG_WARN_EMPTY_BODY = YES;
				CLANG_WARN_ENUM_CONVERSION = YES;
				CLANG_WARN_INT_CONVERSION = YES;
				CLANG_WARN_OBJC_ROOT_CLASS = YES_ERROR;
				CLANG_WARN_UNREACHABLE_CODE = YES;
				CLANG_WARN__DUPLICATE_METHOD_MATCH = YES;
				"CODE_SIGN_IDENTITY[sdk=iphoneos*]" = "iPhone Developer";
				COPY_PHASE_STRIP = NO;
				DEBUG_INFORMATION_FORMAT = dwarf;
				ENABLE_STRICT_OBJC_MSGSEND = YES;
				ENABLE_TESTABILITY = YES;
				GCC_C_LANGUAGE_STANDARD = gnu99;
				GCC_DYNAMIC_NO_PIC = NO;
				GCC_NO_COMMON_BLOCKS = YES;
				GCC_OPTIMIZATION_LEVEL = 0;
				GCC_PREPROCESSOR_DEFINITIONS = (
					"DEBUG=1",
					"$(inherited)",
				);
				GCC_WARN_64_TO_32_BIT_CONVERSION = YES;
				GCC_WARN_ABOUT_RETURN_TYPE = YES_ERROR;
				GCC_WARN_UNDECLARED_SELECTOR = YES;
				GCC_WARN_UNINITIALIZED_AUTOS = YES_AGGRESSIVE;
				GCC_WARN_UNUSED_FUNCTION = YES;
				GCC_WARN_UNUSED_VARIABLE = YES;
				IPHONEOS_DEPLOYMENT_TARGET = 9.0;
				MTL_ENABLE_DEBUG_INFO = YES;
				ONLY_ACTIVE_ARCH = YES;
				SDKROOT = iphoneos;
				TARGETED_DEVICE_FAMILY = "1,2";
			};
			name = Debug;
		};
		940B3F8F1BB168A6007D5EB5 /* Release */ = {
			isa = XCBuildConfiguration;
			buildSettings = {
				ALWAYS_SEARCH_USER_PATHS = NO;
				CLANG_CXX_LANGUAGE_STANDARD = "gnu++0x";
				CLANG_CXX_LIBRARY = "libc++";
				CLANG_ENABLE_MODULES = YES;
				CLANG_ENABLE_OBJC_ARC = YES;
				CLANG_WARN_BOOL_CONVERSION = YES;
				CLANG_WARN_CONSTANT_CONVERSION = YES;
				CLANG_WARN_DIRECT_OBJC_ISA_USAGE = YES_ERROR;
				CLANG_WARN_EMPTY_BODY = YES;
				CLANG_WARN_ENUM_CONVERSION = YES;
				CLANG_WARN_INT_CONVERSION = YES;
				CLANG_WARN_OBJC_ROOT_CLASS = YES_ERROR;
				CLANG_WARN_UNREACHABLE_CODE = YES;
				CLANG_WARN__DUPLICATE_METHOD_MATCH = YES;
				"CODE_SIGN_IDENTITY[sdk=iphoneos*]" = "iPhone Developer";
				COPY_PHASE_STRIP = NO;
				DEBUG_INFORMATION_FORMAT = "dwarf-with-dsym";
				ENABLE_NS_ASSERTIONS = NO;
				ENABLE_STRICT_OBJC_MSGSEND = YES;
				GCC_C_LANGUAGE_STANDARD = gnu99;
				GCC_NO_COMMON_BLOCKS = YES;
				GCC_WARN_64_TO_32_BIT_CONVERSION = YES;
				GCC_WARN_ABOUT_RETURN_TYPE = YES_ERROR;
				GCC_WARN_UNDECLARED_SELECTOR = YES;
				GCC_WARN_UNINITIALIZED_AUTOS = YES_AGGRESSIVE;
				GCC_WARN_UNUSED_FUNCTION = YES;
				GCC_WARN_UNUSED_VARIABLE = YES;
				IPHONEOS_DEPLOYMENT_TARGET = 9.0;
				MTL_ENABLE_DEBUG_INFO = NO;
				SDKROOT = iphoneos;
				TARGETED_DEVICE_FAMILY = "1,2";
				VALIDATE_PRODUCT = YES;
			};
			name = Release;
		};
		940B3F911BB168A6007D5EB5 /* Debug */ = {
			isa = XCBuildConfiguration;
			baseConfigurationReference = 22A4AF69F76B2565F70968B0 /* Pods.debug.xcconfig */;
			buildSettings = {
				ASSETCATALOG_COMPILER_APPICON_NAME = AppIcon;
				INFOPLIST_FILE = "Ekito-Poker/Info.plist";
				LD_RUNPATH_SEARCH_PATHS = "$(inherited) @executable_path/Frameworks";
				PRODUCT_BUNDLE_IDENTIFIER = "com.fja.Ekito-Poker";
				PRODUCT_NAME = "$(TARGET_NAME)";
			};
			name = Debug;
		};
		940B3F921BB168A6007D5EB5 /* Release */ = {
			isa = XCBuildConfiguration;
			baseConfigurationReference = C1E5800E975901E23F42C48B /* Pods.release.xcconfig */;
			buildSettings = {
				ASSETCATALOG_COMPILER_APPICON_NAME = AppIcon;
				INFOPLIST_FILE = "Ekito-Poker/Info.plist";
				LD_RUNPATH_SEARCH_PATHS = "$(inherited) @executable_path/Frameworks";
				PRODUCT_BUNDLE_IDENTIFIER = "com.fja.Ekito-Poker";
				PRODUCT_NAME = "$(TARGET_NAME)";
			};
			name = Release;
		};
/* End XCBuildConfiguration section */

/* Begin XCConfigurationList section */
		940B3F741BB168A6007D5EB5 /* Build configuration list for PBXProject "Ekito-Poker" */ = {
			isa = XCConfigurationList;
			buildConfigurations = (
				940B3F8E1BB168A6007D5EB5 /* Debug */,
				940B3F8F1BB168A6007D5EB5 /* Release */,
			);
			defaultConfigurationIsVisible = 0;
			defaultConfigurationName = Release;
		};
		940B3F901BB168A6007D5EB5 /* Build configuration list for PBXNativeTarget "Ekito-Poker" */ = {
			isa = XCConfigurationList;
			buildConfigurations = (
				940B3F911BB168A6007D5EB5 /* Debug */,
				940B3F921BB168A6007D5EB5 /* Release */,
			);
			defaultConfigurationIsVisible = 0;
			defaultConfigurationName = Release;
		};
/* End XCConfigurationList section */
	};
	rootObject = 940B3F711BB168A6007D5EB5 /* Project object */;
}
